// !$*UTF8*$!
{
	archiveVersion = 1;
	classes = {
	};
	objectVersion = 46;
	objects = {

/* Begin PBXBuildFile section */
		4AAA41341F3A3C88002A78DE /* CollectionViewCell.swift in Sources */ = {isa = PBXBuildFile; fileRef = 4AAA41331F3A3C88002A78DE /* CollectionViewCell.swift */; };
		4AAA41361F3A3D79002A78DE /* CollectionViewController.swift in Sources */ = {isa = PBXBuildFile; fileRef = 4AAA41351F3A3D79002A78DE /* CollectionViewController.swift */; };
		4ADDB7E31F58C8B000936B87 /* FlickrClient.swift in Sources */ = {isa = PBXBuildFile; fileRef = 4ADDB7E21F58C8B000936B87 /* FlickrClient.swift */; };
		4ADDB7E51F58C8BC00936B87 /* FlickrConstants.swift in Sources */ = {isa = PBXBuildFile; fileRef = 4ADDB7E41F58C8BC00936B87 /* FlickrConstants.swift */; };
		4ADDB7E71F58C8CB00936B87 /* FlickrConvenience.swift in Sources */ = {isa = PBXBuildFile; fileRef = 4ADDB7E61F58C8CB00936B87 /* FlickrConvenience.swift */; };
		4AF889C91F72EB7B000D2390 /* Model.xcdatamodeld in Sources */ = {isa = PBXBuildFile; fileRef = 4AF889C71F72EB7B000D2390 /* Model.xcdatamodeld */; };
		4AF889CE1F7DEC89000D2390 /* Pin+CoreDataClass.swift in Sources */ = {isa = PBXBuildFile; fileRef = 4AF889CA1F7DEC89000D2390 /* Pin+CoreDataClass.swift */; };
		4AF889CF1F7DEC89000D2390 /* Pin+CoreDataProperties.swift in Sources */ = {isa = PBXBuildFile; fileRef = 4AF889CB1F7DEC89000D2390 /* Pin+CoreDataProperties.swift */; };
		4AF889D01F7DEC89000D2390 /* Photo+CoreDataClass.swift in Sources */ = {isa = PBXBuildFile; fileRef = 4AF889CC1F7DEC89000D2390 /* Photo+CoreDataClass.swift */; };
		4AF889D11F7DEC89000D2390 /* Photo+CoreDataProperties.swift in Sources */ = {isa = PBXBuildFile; fileRef = 4AF889CD1F7DEC89000D2390 /* Photo+CoreDataProperties.swift */; };
		4AF889D41F7DEF1E000D2390 /* CoreDataStack.swift in Sources */ = {isa = PBXBuildFile; fileRef = 4AF889D31F7DEF1E000D2390 /* CoreDataStack.swift */; };
		4AFAA8B71F13FF38001D6B25 /* AppDelegate.swift in Sources */ = {isa = PBXBuildFile; fileRef = 4AFAA8B61F13FF38001D6B25 /* AppDelegate.swift */; };
		4AFAA8B91F13FF38001D6B25 /* MapViewController.swift in Sources */ = {isa = PBXBuildFile; fileRef = 4AFAA8B81F13FF38001D6B25 /* MapViewController.swift */; };
		4AFAA8BC1F13FF38001D6B25 /* Main.storyboard in Resources */ = {isa = PBXBuildFile; fileRef = 4AFAA8BA1F13FF38001D6B25 /* Main.storyboard */; };
		4AFAA8BE1F13FF38001D6B25 /* Assets.xcassets in Resources */ = {isa = PBXBuildFile; fileRef = 4AFAA8BD1F13FF38001D6B25 /* Assets.xcassets */; };
		4AFAA8C11F13FF38001D6B25 /* LaunchScreen.storyboard in Resources */ = {isa = PBXBuildFile; fileRef = 4AFAA8BF1F13FF38001D6B25 /* LaunchScreen.storyboard */; };
		4AFAA8CC1F13FF39001D6B25 /* Virtual_TouristTests.swift in Sources */ = {isa = PBXBuildFile; fileRef = 4AFAA8CB1F13FF39001D6B25 /* Virtual_TouristTests.swift */; };
		4AFAA8D71F13FF39001D6B25 /* Virtual_TouristUITests.swift in Sources */ = {isa = PBXBuildFile; fileRef = 4AFAA8D61F13FF39001D6B25 /* Virtual_TouristUITests.swift */; };
/* End PBXBuildFile section */

/* Begin PBXContainerItemProxy section */
		4AFAA8C81F13FF39001D6B25 /* PBXContainerItemProxy */ = {
			isa = PBXContainerItemProxy;
			containerPortal = 4AFAA8AB1F13FF38001D6B25 /* Project object */;
			proxyType = 1;
			remoteGlobalIDString = 4AFAA8B21F13FF38001D6B25;
			remoteInfo = "Virtual Tourist";
		};
		4AFAA8D31F13FF39001D6B25 /* PBXContainerItemProxy */ = {
			isa = PBXContainerItemProxy;
			containerPortal = 4AFAA8AB1F13FF38001D6B25 /* Project object */;
			proxyType = 1;
			remoteGlobalIDString = 4AFAA8B21F13FF38001D6B25;
			remoteInfo = "Virtual Tourist";
		};
/* End PBXContainerItemProxy section */

/* Begin PBXFileReference section */
		4AAA41331F3A3C88002A78DE /* CollectionViewCell.swift */ = {isa = PBXFileReference; fileEncoding = 4; lastKnownFileType = sourcecode.swift; name = CollectionViewCell.swift; path = ../CollectionViewCell.swift; sourceTree = "<group>"; };
		4AAA41351F3A3D79002A78DE /* CollectionViewController.swift */ = {isa = PBXFileReference; fileEncoding = 4; lastKnownFileType = sourcecode.swift; name = CollectionViewController.swift; path = ../CollectionViewController.swift; sourceTree = "<group>"; };
		4ADDB7E21F58C8B000936B87 /* FlickrClient.swift */ = {isa = PBXFileReference; fileEncoding = 4; lastKnownFileType = sourcecode.swift; path = FlickrClient.swift; sourceTree = "<group>"; };
		4ADDB7E41F58C8BC00936B87 /* FlickrConstants.swift */ = {isa = PBXFileReference; fileEncoding = 4; lastKnownFileType = sourcecode.swift; path = FlickrConstants.swift; sourceTree = "<group>"; };
		4ADDB7E61F58C8CB00936B87 /* FlickrConvenience.swift */ = {isa = PBXFileReference; fileEncoding = 4; lastKnownFileType = sourcecode.swift; path = FlickrConvenience.swift; sourceTree = "<group>"; };
		4AF889C81F72EB7B000D2390 /* Model.xcdatamodel */ = {isa = PBXFileReference; lastKnownFileType = wrapper.xcdatamodel; path = Model.xcdatamodel; sourceTree = "<group>"; };
		4AF889CA1F7DEC89000D2390 /* Pin+CoreDataClass.swift */ = {isa = PBXFileReference; fileEncoding = 4; lastKnownFileType = sourcecode.swift; path = "Pin+CoreDataClass.swift"; sourceTree = "<group>"; };
		4AF889CB1F7DEC89000D2390 /* Pin+CoreDataProperties.swift */ = {isa = PBXFileReference; fileEncoding = 4; lastKnownFileType = sourcecode.swift; path = "Pin+CoreDataProperties.swift"; sourceTree = "<group>"; };
		4AF889CC1F7DEC89000D2390 /* Photo+CoreDataClass.swift */ = {isa = PBXFileReference; fileEncoding = 4; lastKnownFileType = sourcecode.swift; path = "Photo+CoreDataClass.swift"; sourceTree = "<group>"; };
		4AF889CD1F7DEC89000D2390 /* Photo+CoreDataProperties.swift */ = {isa = PBXFileReference; fileEncoding = 4; lastKnownFileType = sourcecode.swift; path = "Photo+CoreDataProperties.swift"; sourceTree = "<group>"; };
		4AF889D31F7DEF1E000D2390 /* CoreDataStack.swift */ = {isa = PBXFileReference; fileEncoding = 4; lastKnownFileType = sourcecode.swift; path = CoreDataStack.swift; sourceTree = "<group>"; };
		4AFAA8B31F13FF38001D6B25 /* Virtual Tourist.app */ = {isa = PBXFileReference; explicitFileType = wrapper.application; includeInIndex = 0; path = "Virtual Tourist.app"; sourceTree = BUILT_PRODUCTS_DIR; };
		4AFAA8B61F13FF38001D6B25 /* AppDelegate.swift */ = {isa = PBXFileReference; lastKnownFileType = sourcecode.swift; path = AppDelegate.swift; sourceTree = "<group>"; };
		4AFAA8B81F13FF38001D6B25 /* MapViewController.swift */ = {isa = PBXFileReference; lastKnownFileType = sourcecode.swift; path = MapViewController.swift; sourceTree = "<group>"; };
		4AFAA8BB1F13FF38001D6B25 /* Base */ = {isa = PBXFileReference; lastKnownFileType = file.storyboard; name = Base; path = Base.lproj/Main.storyboard; sourceTree = "<group>"; };
		4AFAA8BD1F13FF38001D6B25 /* Assets.xcassets */ = {isa = PBXFileReference; lastKnownFileType = folder.assetcatalog; path = Assets.xcassets; sourceTree = "<group>"; };
		4AFAA8C01F13FF38001D6B25 /* Base */ = {isa = PBXFileReference; lastKnownFileType = file.storyboard; name = Base; path = Base.lproj/LaunchScreen.storyboard; sourceTree = "<group>"; };
		4AFAA8C21F13FF38001D6B25 /* Info.plist */ = {isa = PBXFileReference; lastKnownFileType = text.plist.xml; path = Info.plist; sourceTree = "<group>"; };
		4AFAA8C71F13FF39001D6B25 /* Virtual TouristTests.xctest */ = {isa = PBXFileReference; explicitFileType = wrapper.cfbundle; includeInIndex = 0; path = "Virtual TouristTests.xctest"; sourceTree = BUILT_PRODUCTS_DIR; };
		4AFAA8CB1F13FF39001D6B25 /* Virtual_TouristTests.swift */ = {isa = PBXFileReference; lastKnownFileType = sourcecode.swift; path = Virtual_TouristTests.swift; sourceTree = "<group>"; };
		4AFAA8CD1F13FF39001D6B25 /* Info.plist */ = {isa = PBXFileReference; lastKnownFileType = text.plist.xml; path = Info.plist; sourceTree = "<group>"; };
		4AFAA8D21F13FF39001D6B25 /* Virtual TouristUITests.xctest */ = {isa = PBXFileReference; explicitFileType = wrapper.cfbundle; includeInIndex = 0; path = "Virtual TouristUITests.xctest"; sourceTree = BUILT_PRODUCTS_DIR; };
		4AFAA8D61F13FF39001D6B25 /* Virtual_TouristUITests.swift */ = {isa = PBXFileReference; lastKnownFileType = sourcecode.swift; path = Virtual_TouristUITests.swift; sourceTree = "<group>"; };
		4AFAA8D81F13FF39001D6B25 /* Info.plist */ = {isa = PBXFileReference; lastKnownFileType = text.plist.xml; path = Info.plist; sourceTree = "<group>"; };
/* End PBXFileReference section */

/* Begin PBXFrameworksBuildPhase section */
		4AFAA8B01F13FF38001D6B25 /* Frameworks */ = {
			isa = PBXFrameworksBuildPhase;
			buildActionMask = 2147483647;
			files = (
			);
			runOnlyForDeploymentPostprocessing = 0;
		};
		4AFAA8C41F13FF39001D6B25 /* Frameworks */ = {
			isa = PBXFrameworksBuildPhase;
			buildActionMask = 2147483647;
			files = (
			);
			runOnlyForDeploymentPostprocessing = 0;
		};
		4AFAA8CF1F13FF39001D6B25 /* Frameworks */ = {
			isa = PBXFrameworksBuildPhase;
			buildActionMask = 2147483647;
			files = (
			);
			runOnlyForDeploymentPostprocessing = 0;
		};
/* End PBXFrameworksBuildPhase section */

/* Begin PBXGroup section */
		4ADDB7E11F58C88E00936B87 /* Flickr */ = {
			isa = PBXGroup;
			children = (
				4ADDB7E21F58C8B000936B87 /* FlickrClient.swift */,
				4ADDB7E41F58C8BC00936B87 /* FlickrConstants.swift */,
				4ADDB7E61F58C8CB00936B87 /* FlickrConvenience.swift */,
			);
			name = Flickr;
			sourceTree = "<group>";
		};
		4AF889D21F7DECAC000D2390 /* Model */ = {
			isa = PBXGroup;
			children = (
				4AF889D31F7DEF1E000D2390 /* CoreDataStack.swift */,
				4AF889C71F72EB7B000D2390 /* Model.xcdatamodeld */,
				4AF889CC1F7DEC89000D2390 /* Photo+CoreDataClass.swift */,
				4AF889CB1F7DEC89000D2390 /* Pin+CoreDataProperties.swift */,
				4AF889CD1F7DEC89000D2390 /* Photo+CoreDataProperties.swift */,
				4AF889CA1F7DEC89000D2390 /* Pin+CoreDataClass.swift */,
			);
			name = Model;
			sourceTree = "<group>";
		};
		4AFAA8AA1F13FF38001D6B25 = {
			isa = PBXGroup;
			children = (
				4AF889D21F7DECAC000D2390 /* Model */,
				4ADDB7E11F58C88E00936B87 /* Flickr */,
				4AFAA8B51F13FF38001D6B25 /* Virtual Tourist */,
				4AFAA8CA1F13FF39001D6B25 /* Virtual TouristTests */,
				4AFAA8D51F13FF39001D6B25 /* Virtual TouristUITests */,
				4AFAA8B41F13FF38001D6B25 /* Products */,
			);
			sourceTree = "<group>";
		};
		4AFAA8B41F13FF38001D6B25 /* Products */ = {
			isa = PBXGroup;
			children = (
				4AFAA8B31F13FF38001D6B25 /* Virtual Tourist.app */,
				4AFAA8C71F13FF39001D6B25 /* Virtual TouristTests.xctest */,
				4AFAA8D21F13FF39001D6B25 /* Virtual TouristUITests.xctest */,
			);
			name = Products;
			sourceTree = "<group>";
		};
		4AFAA8B51F13FF38001D6B25 /* Virtual Tourist */ = {
			isa = PBXGroup;
			children = (
				4AFAA8B61F13FF38001D6B25 /* AppDelegate.swift */,
				4AFAA8B81F13FF38001D6B25 /* MapViewController.swift */,
				4AAA41351F3A3D79002A78DE /* CollectionViewController.swift */,
				4AAA41331F3A3C88002A78DE /* CollectionViewCell.swift */,
				4AFAA8BA1F13FF38001D6B25 /* Main.storyboard */,
				4AFAA8BD1F13FF38001D6B25 /* Assets.xcassets */,
				4AFAA8BF1F13FF38001D6B25 /* LaunchScreen.storyboard */,
				4AFAA8C21F13FF38001D6B25 /* Info.plist */,
			);
			path = "Virtual Tourist";
			sourceTree = "<group>";
		};
		4AFAA8CA1F13FF39001D6B25 /* Virtual TouristTests */ = {
			isa = PBXGroup;
			children = (
				4AFAA8CB1F13FF39001D6B25 /* Virtual_TouristTests.swift */,
				4AFAA8CD1F13FF39001D6B25 /* Info.plist */,
			);
			path = "Virtual TouristTests";
			sourceTree = "<group>";
		};
		4AFAA8D51F13FF39001D6B25 /* Virtual TouristUITests */ = {
			isa = PBXGroup;
			children = (
				4AFAA8D61F13FF39001D6B25 /* Virtual_TouristUITests.swift */,
				4AFAA8D81F13FF39001D6B25 /* Info.plist */,
			);
			path = "Virtual TouristUITests";
			sourceTree = "<group>";
		};
/* End PBXGroup section */

/* Begin PBXNativeTarget section */
		4AFAA8B21F13FF38001D6B25 /* Virtual Tourist */ = {
			isa = PBXNativeTarget;
			buildConfigurationList = 4AFAA8DB1F13FF39001D6B25 /* Build configuration list for PBXNativeTarget "Virtual Tourist" */;
			buildPhases = (
				4AFAA8AF1F13FF38001D6B25 /* Sources */,
				4AFAA8B01F13FF38001D6B25 /* Frameworks */,
				4AFAA8B11F13FF38001D6B25 /* Resources */,
			);
			buildRules = (
			);
			dependencies = (
			);
			name = "Virtual Tourist";
			productName = "Virtual Tourist";
			productReference = 4AFAA8B31F13FF38001D6B25 /* Virtual Tourist.app */;
			productType = "com.apple.product-type.application";
		};
		4AFAA8C61F13FF39001D6B25 /* Virtual TouristTests */ = {
			isa = PBXNativeTarget;
			buildConfigurationList = 4AFAA8DE1F13FF39001D6B25 /* Build configuration list for PBXNativeTarget "Virtual TouristTests" */;
			buildPhases = (
				4AFAA8C31F13FF39001D6B25 /* Sources */,
				4AFAA8C41F13FF39001D6B25 /* Frameworks */,
				4AFAA8C51F13FF39001D6B25 /* Resources */,
			);
			buildRules = (
			);
			dependencies = (
				4AFAA8C91F13FF39001D6B25 /* PBXTargetDependency */,
			);
			name = "Virtual TouristTests";
			productName = "Virtual TouristTests";
			productReference = 4AFAA8C71F13FF39001D6B25 /* Virtual TouristTests.xctest */;
			productType = "com.apple.product-type.bundle.unit-test";
		};
		4AFAA8D11F13FF39001D6B25 /* Virtual TouristUITests */ = {
			isa = PBXNativeTarget;
			buildConfigurationList = 4AFAA8E11F13FF39001D6B25 /* Build configuration list for PBXNativeTarget "Virtual TouristUITests" */;
			buildPhases = (
				4AFAA8CE1F13FF39001D6B25 /* Sources */,
				4AFAA8CF1F13FF39001D6B25 /* Frameworks */,
				4AFAA8D01F13FF39001D6B25 /* Resources */,
			);
			buildRules = (
			);
			dependencies = (
				4AFAA8D41F13FF39001D6B25 /* PBXTargetDependency */,
			);
			name = "Virtual TouristUITests";
			productName = "Virtual TouristUITests";
			productReference = 4AFAA8D21F13FF39001D6B25 /* Virtual TouristUITests.xctest */;
			productType = "com.apple.product-type.bundle.ui-testing";
		};
/* End PBXNativeTarget section */

/* Begin PBXProject section */
		4AFAA8AB1F13FF38001D6B25 /* Project object */ = {
			isa = PBXProject;
			attributes = {
				LastSwiftUpdateCheck = 0810;
				LastUpgradeCheck = 0810;
				ORGANIZATIONNAME = "Garrett Cone";
				TargetAttributes = {
					4AFAA8B21F13FF38001D6B25 = {
						CreatedOnToolsVersion = 8.1;
						DevelopmentTeam = BYQ2X8PMUY;
						ProvisioningStyle = Automatic;
					};
					4AFAA8C61F13FF39001D6B25 = {
						CreatedOnToolsVersion = 8.1;
						DevelopmentTeam = BYQ2X8PMUY;
						ProvisioningStyle = Automatic;
						TestTargetID = 4AFAA8B21F13FF38001D6B25;
					};
					4AFAA8D11F13FF39001D6B25 = {
						CreatedOnToolsVersion = 8.1;
						DevelopmentTeam = BYQ2X8PMUY;
						ProvisioningStyle = Automatic;
						TestTargetID = 4AFAA8B21F13FF38001D6B25;
					};
				};
			};
			buildConfigurationList = 4AFAA8AE1F13FF38001D6B25 /* Build configuration list for PBXProject "Virtual Tourist" */;
			compatibilityVersion = "Xcode 3.2";
			developmentRegion = English;
			hasScannedForEncodings = 0;
			knownRegions = (
				en,
				Base,
			);
			mainGroup = 4AFAA8AA1F13FF38001D6B25;
			productRefGroup = 4AFAA8B41F13FF38001D6B25 /* Products */;
			projectDirPath = "";
			projectRoot = "";
			targets = (
				4AFAA8B21F13FF38001D6B25 /* Virtual Tourist */,
				4AFAA8C61F13FF39001D6B25 /* Virtual TouristTests */,
				4AFAA8D11F13FF39001D6B25 /* Virtual TouristUITests */,
			);
		};
/* End PBXProject section */

/* Begin PBXResourcesBuildPhase section */
		4AFAA8B11F13FF38001D6B25 /* Resources */ = {
			isa = PBXResourcesBuildPhase;
			buildActionMask = 2147483647;
			files = (
				4AFAA8C11F13FF38001D6B25 /* LaunchScreen.storyboard in Resources */,
				4AFAA8BE1F13FF38001D6B25 /* Assets.xcassets in Resources */,
				4AFAA8BC1F13FF38001D6B25 /* Main.storyboard in Resources */,
			);
			runOnlyForDeploymentPostprocessing = 0;
		};
		4AFAA8C51F13FF39001D6B25 /* Resources */ = {
			isa = PBXResourcesBuildPhase;
			buildActionMask = 2147483647;
			files = (
			);
			runOnlyForDeploymentPostprocessing = 0;
		};
		4AFAA8D01F13FF39001D6B25 /* Resources */ = {
			isa = PBXResourcesBuildPhase;
			buildActionMask = 2147483647;
			files = (
			);
			runOnlyForDeploymentPostprocessing = 0;
		};
/* End PBXResourcesBuildPhase section */

/* Begin PBXSourcesBuildPhase section */
		4AFAA8AF1F13FF38001D6B25 /* Sources */ = {
			isa = PBXSourcesBuildPhase;
			buildActionMask = 2147483647;
			files = (
				4AF889CE1F7DEC89000D2390 /* Pin+CoreDataClass.swift in Sources */,
				4AF889D01F7DEC89000D2390 /* Photo+CoreDataClass.swift in Sources */,
				4ADDB7E71F58C8CB00936B87 /* FlickrConvenience.swift in Sources */,
				4AAA41361F3A3D79002A78DE /* CollectionViewController.swift in Sources */,
				4AF889CF1F7DEC89000D2390 /* Pin+CoreDataProperties.swift in Sources */,
				4ADDB7E31F58C8B000936B87 /* FlickrClient.swift in Sources */,
				4AF889D41F7DEF1E000D2390 /* CoreDataStack.swift in Sources */,
				4AF889D11F7DEC89000D2390 /* Photo+CoreDataProperties.swift in Sources */,
				4AF889C91F72EB7B000D2390 /* Model.xcdatamodeld in Sources */,
				4AFAA8B91F13FF38001D6B25 /* MapViewController.swift in Sources */,
				4AFAA8B71F13FF38001D6B25 /* AppDelegate.swift in Sources */,
				4ADDB7E51F58C8BC00936B87 /* FlickrConstants.swift in Sources */,
				4AAA41341F3A3C88002A78DE /* CollectionViewCell.swift in Sources */,
			);
			runOnlyForDeploymentPostprocessing = 0;
		};
		4AFAA8C31F13FF39001D6B25 /* Sources */ = {
			isa = PBXSourcesBuildPhase;
			buildActionMask = 2147483647;
			files = (
				4AFAA8CC1F13FF39001D6B25 /* Virtual_TouristTests.swift in Sources */,
			);
			runOnlyForDeploymentPostprocessing = 0;
		};
		4AFAA8CE1F13FF39001D6B25 /* Sources */ = {
			isa = PBXSourcesBuildPhase;
			buildActionMask = 2147483647;
			files = (
				4AFAA8D71F13FF39001D6B25 /* Virtual_TouristUITests.swift in Sources */,
			);
			runOnlyForDeploymentPostprocessing = 0;
		};
/* End PBXSourcesBuildPhase section */

/* Begin PBXTargetDependency section */
		4AFAA8C91F13FF39001D6B25 /* PBXTargetDependency */ = {
			isa = PBXTargetDependency;
			target = 4AFAA8B21F13FF38001D6B25 /* Virtual Tourist */;
			targetProxy = 4AFAA8C81F13FF39001D6B25 /* PBXContainerItemProxy */;
		};
		4AFAA8D41F13FF39001D6B25 /* PBXTargetDependency */ = {
			isa = PBXTargetDependency;
			target = 4AFAA8B21F13FF38001D6B25 /* Virtual Tourist */;
			targetProxy = 4AFAA8D31F13FF39001D6B25 /* PBXContainerItemProxy */;
		};
/* End PBXTargetDependency section */

/* Begin PBXVariantGroup section */
		4AFAA8BA1F13FF38001D6B25 /* Main.storyboard */ = {
			isa = PBXVariantGroup;
			children = (
				4AFAA8BB1F13FF38001D6B25 /* Base */,
			);
			name = Main.storyboard;
			sourceTree = "<group>";
		};
		4AFAA8BF1F13FF38001D6B25 /* LaunchScreen.storyboard */ = {
			isa = PBXVariantGroup;
			children = (
				4AFAA8C01F13FF38001D6B25 /* Base */,
			);
			name = LaunchScreen.storyboard;
			sourceTree = "<group>";
		};
/* End PBXVariantGroup section */

/* Begin XCBuildConfiguration section */
		4AFAA8D91F13FF39001D6B25 /* Debug */ = {
			isa = XCBuildConfiguration;
			buildSettings = {
				ALWAYS_SEARCH_USER_PATHS = NO;
				CLANG_ANALYZER_NONNULL = YES;
				CLANG_CXX_LANGUAGE_STANDARD = "gnu++0x";
				CLANG_CXX_LIBRARY = "libc++";
				CLANG_ENABLE_MODULES = YES;
				CLANG_ENABLE_OBJC_ARC = YES;
				CLANG_WARN_BOOL_CONVERSION = YES;
				CLANG_WARN_CONSTANT_CONVERSION = YES;
				CLANG_WARN_DIRECT_OBJC_ISA_USAGE = YES_ERROR;
				CLANG_WARN_DOCUMENTATION_COMMENTS = YES;
				CLANG_WARN_EMPTY_BODY = YES;
				CLANG_WARN_ENUM_CONVERSION = YES;
				CLANG_WARN_INFINITE_RECURSION = YES;
				CLANG_WARN_INT_CONVERSION = YES;
				CLANG_WARN_OBJC_ROOT_CLASS = YES_ERROR;
				CLANG_WARN_SUSPICIOUS_MOVES = YES;
				CLANG_WARN_UNREACHABLE_CODE = YES;
				CLANG_WARN__DUPLICATE_METHOD_MATCH = YES;
				"CODE_SIGN_IDENTITY[sdk=iphoneos*]" = "iPhone Developer";
				COPY_PHASE_STRIP = NO;
				DEBUG_INFORMATION_FORMAT = dwarf;
				ENABLE_STRICT_OBJC_MSGSEND = YES;
				ENABLE_TESTABILITY = YES;
				GCC_C_LANGUAGE_STANDARD = gnu99;
				GCC_DYNAMIC_NO_PIC = NO;
				GCC_NO_COMMON_BLOCKS = YES;
				GCC_OPTIMIZATION_LEVEL = 0;
				GCC_PREPROCESSOR_DEFINITIONS = (
					"DEBUG=1",
					"$(inherited)",
				);
				GCC_WARN_64_TO_32_BIT_CONVERSION = YES;
				GCC_WARN_ABOUT_RETURN_TYPE = YES_ERROR;
				GCC_WARN_UNDECLARED_SELECTOR = YES;
				GCC_WARN_UNINITIALIZED_AUTOS = YES_AGGRESSIVE;
				GCC_WARN_UNUSED_FUNCTION = YES;
				GCC_WARN_UNUSED_VARIABLE = YES;
				IPHONEOS_DEPLOYMENT_TARGET = 10.1;
				MTL_ENABLE_DEBUG_INFO = YES;
				ONLY_ACTIVE_ARCH = YES;
				SDKROOT = iphoneos;
				SWIFT_ACTIVE_COMPILATION_CONDITIONS = DEBUG;
				SWIFT_OPTIMIZATION_LEVEL = "-Onone";
				TARGETED_DEVICE_FAMILY = "1,2";
			};
			name = Debug;
		};
		4AFAA8DA1F13FF39001D6B25 /* Release */ = {
			isa = XCBuildConfiguration;
			buildSettings = {
				ALWAYS_SEARCH_USER_PATHS = NO;
				CLANG_ANALYZER_NONNULL = YES;
				CLANG_CXX_LANGUAGE_STANDARD = "gnu++0x";
				CLANG_CXX_LIBRARY = "libc++";
				CLANG_ENABLE_MODULES = YES;
				CLANG_ENABLE_OBJC_ARC = YES;
				CLANG_WARN_BOOL_CONVERSION = YES;
				CLANG_WARN_CONSTANT_CONVERSION = YES;
				CLANG_WARN_DIRECT_OBJC_ISA_USAGE = YES_ERROR;
				CLANG_WARN_DOCUMENTATION_COMMENTS = YES;
				CLANG_WARN_EMPTY_BODY = YES;
				CLANG_WARN_ENUM_CONVERSION = YES;
				CLANG_WARN_INFINITE_RECURSION = YES;
				CLANG_WARN_INT_CONVERSION = YES;
				CLANG_WARN_OBJC_ROOT_CLASS = YES_ERROR;
				CLANG_WARN_SUSPICIOUS_MOVES = YES;
				CLANG_WARN_UNREACHABLE_CODE = YES;
				CLANG_WARN__DUPLICATE_METHOD_MATCH = YES;
				"CODE_SIGN_IDENTITY[sdk=iphoneos*]" = "iPhone Developer";
				COPY_PHASE_STRIP = NO;
				DEBUG_INFORMATION_FORMAT = "dwarf-with-dsym";
				ENABLE_NS_ASSERTIONS = NO;
				ENABLE_STRICT_OBJC_MSGSEND = YES;
				GCC_C_LANGUAGE_STANDARD = gnu99;
				GCC_NO_COMMON_BLOCKS = YES;
				GCC_WARN_64_TO_32_BIT_CONVERSION = YES;
				GCC_WARN_ABOUT_RETURN_TYPE = YES_ERROR;
				GCC_WARN_UNDECLARED_SELECTOR = YES;
				GCC_WARN_UNINITIALIZED_AUTOS = YES_AGGRESSIVE;
				GCC_WARN_UNUSED_FUNCTION = YES;
				GCC_WARN_UNUSED_VARIABLE = YES;
				IPHONEOS_DEPLOYMENT_TARGET = 10.1;
				MTL_ENABLE_DEBUG_INFO = NO;
				SDKROOT = iphoneos;
				SWIFT_OPTIMIZATION_LEVEL = "-Owholemodule";
				TARGETED_DEVICE_FAMILY = "1,2";
				VALIDATE_PRODUCT = YES;
			};
			name = Release;
		};
		4AFAA8DC1F13FF39001D6B25 /* Debug */ = {
			isa = XCBuildConfiguration;
			buildSettings = {
				ASSETCATALOG_COMPILER_APPICON_NAME = AppIcon;
				DEVELOPMENT_TEAM = BYQ2X8PMUY;
				INFOPLIST_FILE = "Virtual Tourist/Info.plist";
				LD_RUNPATH_SEARCH_PATHS = "$(inherited) @executable_path/Frameworks";
				PRODUCT_BUNDLE_IDENTIFIER = "com.swiftalmighty.Virtual-Tourist";
				PRODUCT_NAME = "$(TARGET_NAME)";
				SWIFT_VERSION = 3.0;
			};
			name = Debug;
		};
		4AFAA8DD1F13FF39001D6B25 /* Release */ = {
			isa = XCBuildConfiguration;
			buildSettings = {
				ASSETCATALOG_COMPILER_APPICON_NAME = AppIcon;
				DEVELOPMENT_TEAM = BYQ2X8PMUY;
				INFOPLIST_FILE = "Virtual Tourist/Info.plist";
				LD_RUNPATH_SEARCH_PATHS = "$(inherited) @executable_path/Frameworks";
				PRODUCT_BUNDLE_IDENTIFIER = "com.swiftalmighty.Virtual-Tourist";
				PRODUCT_NAME = "$(TARGET_NAME)";
				SWIFT_VERSION = 3.0;
			};
			name = Release;
		};
		4AFAA8DF1F13FF39001D6B25 /* Debug */ = {
			isa = XCBuildConfiguration;
			buildSettings = {
				ALWAYS_EMBED_SWIFT_STANDARD_LIBRARIES = YES;
				BUNDLE_LOADER = "$(TEST_HOST)";
				DEVELOPMENT_TEAM = BYQ2X8PMUY;
				INFOPLIST_FILE = "Virtual TouristTests/Info.plist";
				LD_RUNPATH_SEARCH_PATHS = "$(inherited) @executable_path/Frameworks @loader_path/Frameworks";
				PRODUCT_BUNDLE_IDENTIFIER = "com.swiftalmighty.Virtual-TouristTests";
				PRODUCT_NAME = "$(TARGET_NAME)";
				SWIFT_VERSION = 3.0;
				TEST_HOST = "$(BUILT_PRODUCTS_DIR)/Virtual Tourist.app/Virtual Tourist";
			};
			name = Debug;
		};
		4AFAA8E01F13FF39001D6B25 /* Release */ = {
			isa = XCBuildConfiguration;
			buildSettings = {
				ALWAYS_EMBED_SWIFT_STANDARD_LIBRARIES = YES;
				BUNDLE_LOADER = "$(TEST_HOST)";
				DEVELOPMENT_TEAM = BYQ2X8PMUY;
				INFOPLIST_FILE = "Virtual TouristTests/Info.plist";
				LD_RUNPATH_SEARCH_PATHS = "$(inherited) @executable_path/Frameworks @loader_path/Frameworks";
				PRODUCT_BUNDLE_IDENTIFIER = "com.swiftalmighty.Virtual-TouristTests";
				PRODUCT_NAME = "$(TARGET_NAME)";
				SWIFT_VERSION = 3.0;
				TEST_HOST = "$(BUILT_PRODUCTS_DIR)/Virtual Tourist.app/Virtual Tourist";
			};
			name = Release;
		};
		4AFAA8E21F13FF39001D6B25 /* Debug */ = {
			isa = XCBuildConfiguration;
			buildSettings = {
				ALWAYS_EMBED_SWIFT_STANDARD_LIBRARIES = YES;
				DEVELOPMENT_TEAM = BYQ2X8PMUY;
				INFOPLIST_FILE = "Virtual TouristUITests/Info.plist";
				LD_RUNPATH_SEARCH_PATHS = "$(inherited) @executable_path/Frameworks @loader_path/Frameworks";
				PRODUCT_BUNDLE_IDENTIFIER = "com.swiftalmighty.Virtual-TouristUITests";
				PRODUCT_NAME = "$(TARGET_NAME)";
				SWIFT_VERSION = 3.0;
				TEST_TARGET_NAME = "Virtual Tourist";
			};
			name = Debug;
		};
		4AFAA8E31F13FF39001D6B25 /* Release */ = {
			isa = XCBuildConfiguration;
			buildSettings = {
				ALWAYS_EMBED_SWIFT_STANDARD_LIBRARIES = YES;
				DEVELOPMENT_TEAM = BYQ2X8PMUY;
				INFOPLIST_FILE = "Virtual TouristUITests/Info.plist";
				LD_RUNPATH_SEARCH_PATHS = "$(inherited) @executable_path/Frameworks @loader_path/Frameworks";
				PRODUCT_BUNDLE_IDENTIFIER = "com.swiftalmighty.Virtual-TouristUITests";
				PRODUCT_NAME = "$(TARGET_NAME)";
				SWIFT_VERSION = 3.0;
				TEST_TARGET_NAME = "Virtual Tourist";
			};
			name = Release;
		};
/* End XCBuildConfiguration section */

/* Begin XCConfigurationList section */
		4AFAA8AE1F13FF38001D6B25 /* Build configuration list for PBXProject "Virtual Tourist" */ = {
			isa = XCConfigurationList;
			buildConfigurations = (
				4AFAA8D91F13FF39001D6B25 /* Debug */,
				4AFAA8DA1F13FF39001D6B25 /* Release */,
			);
			defaultConfigurationIsVisible = 0;
			defaultConfigurationName = Release;
		};
		4AFAA8DB1F13FF39001D6B25 /* Build configuration list for PBXNativeTarget "Virtual Tourist" */ = {
			isa = XCConfigurationList;
			buildConfigurations = (
				4AFAA8DC1F13FF39001D6B25 /* Debug */,
				4AFAA8DD1F13FF39001D6B25 /* Release */,
			);
			defaultConfigurationIsVisible = 0;
			defaultConfigurationName = Release;
		};
		4AFAA8DE1F13FF39001D6B25 /* Build configuration list for PBXNativeTarget "Virtual TouristTests" */ = {
			isa = XCConfigurationList;
			buildConfigurations = (
				4AFAA8DF1F13FF39001D6B25 /* Debug */,
				4AFAA8E01F13FF39001D6B25 /* Release */,
			);
			defaultConfigurationIsVisible = 0;
			defaultConfigurationName = Release;
		};
		4AFAA8E11F13FF39001D6B25 /* Build configuration list for PBXNativeTarget "Virtual TouristUITests" */ = {
			isa = XCConfigurationList;
			buildConfigurations = (
				4AFAA8E21F13FF39001D6B25 /* Debug */,
				4AFAA8E31F13FF39001D6B25 /* Release */,
			);
			defaultConfigurationIsVisible = 0;
			defaultConfigurationName = Release;
		};
/* End XCConfigurationList section */

/* Begin XCVersionGroup section */
		4AF889C71F72EB7B000D2390 /* Model.xcdatamodeld */ = {
			isa = XCVersionGroup;
			children = (
				4AF889C81F72EB7B000D2390 /* Model.xcdatamodel */,
			);
			currentVersion = 4AF889C81F72EB7B000D2390 /* Model.xcdatamodel */;
			path = Model.xcdatamodeld;
			sourceTree = "<group>";
			versionGroupType = wrapper.xcdatamodel;
		};
/* End XCVersionGroup section */
	};
	rootObject = 4AFAA8AB1F13FF38001D6B25 /* Project object */;
}
